
Microsoft Visual Studio Solution File, Format Version 12.00
# Visual Studio Version 16
VisualStudioVersion = 16.0.30907.101
MinimumVisualStudioVersion = 15.0.26124.0
Project("{9A19103F-16F7-4668-BE54-9A1E7A4F7556}") = "Web", "Web\Web.csproj", "{EABF4102-97A2-4117-93BA-2DF2A487421F}"
EndProject
Project("{FAE04EC0-301F-11D3-BF4B-00C04F79EFBC}") = "Core", "Core\Core.csproj", "{1CFAB3D0-A8B8-49F5-B42E-265596EAF755}"
EndProject
Global
	GlobalSection(SolutionConfigurationPlatforms) = preSolution
		Debug|Any CPU = Debug|Any CPU
		Debug|x64 = Debug|x64
		Debug|x86 = Debug|x86
		Release|Any CPU = Release|Any CPU
		Release|x64 = Release|x64
		Release|x86 = Release|x86
	EndGlobalSection
	GlobalSection(ProjectConfigurationPlatforms) = postSolution
		{EABF4102-97A2-4117-93BA-2DF2A487421F}.Debug|Any CPU.ActiveCfg = Debug|Any CPU
		{EABF4102-97A2-4117-93BA-2DF2A487421F}.Debug|Any CPU.Build.0 = Debug|Any CPU
		{EABF4102-97A2-4117-93BA-2DF2A487421F}.Debug|x64.ActiveCfg = Debug|Any CPU
		{EABF4102-97A2-4117-93BA-2DF2A487421F}.Debug|x64.Build.0 = Debug|Any CPU
		{EABF4102-97A2-4117-93BA-2DF2A487421F}.Debug|x86.ActiveCfg = Debug|Any CPU
		{EABF4102-97A2-4117-93BA-2DF2A487421F}.Debug|x86.Build.0 = Debug|Any CPU
		{EABF4102-97A2-4117-93BA-2DF2A487421F}.Release|Any CPU.ActiveCfg = Release|Any CPU
		{EABF4102-97A2-4117-93BA-2DF2A487421F}.Release|Any CPU.Build.0 = Release|Any CPU
		{EABF4102-97A2-4117-93BA-2DF2A487421F}.Release|x64.ActiveCfg = Release|Any CPU
		{EABF4102-97A2-4117-93BA-2DF2A487421F}.Release|x64.Build.0 = Release|Any CPU
		{EABF4102-97A2-4117-93BA-2DF2A487421F}.Release|x86.ActiveCfg = Release|Any CPU
		{EABF4102-97A2-4117-93BA-2DF2A487421F}.Release|x86.Build.0 = Release|Any CPU
		{1CFAB3D0-A8B8-49F5-B42E-265596EAF755}.Debug|Any CPU.ActiveCfg = Debug|Any CPU
		{1CFAB3D0-A8B8-49F5-B42E-265596EAF755}.Debug|Any CPU.Build.0 = Debug|Any CPU
		{1CFAB3D0-A8B8-49F5-B42E-265596EAF755}.Debug|x64.ActiveCfg = Debug|Any CPU
		{1CFAB3D0-A8B8-49F5-B42E-265596EAF755}.Debug|x64.Build.0 = Debug|Any CPU
		{1CFAB3D0-A8B8-49F5-B42E-265596EAF755}.Debug|x86.ActiveCfg = Debug|Any CPU
		{1CFAB3D0-A8B8-49F5-B42E-265596EAF755}.Debug|x86.Build.0 = Debug|Any CPU
		{1CFAB3D0-A8B8-49F5-B42E-265596EAF755}.Release|Any CPU.ActiveCfg = Release|Any CPU
		{1CFAB3D0-A8B8-49F5-B42E-265596EAF755}.Release|Any CPU.Build.0 = Release|Any CPU
		{1CFAB3D0-A8B8-49F5-B42E-265596EAF755}.Release|x64.ActiveCfg = Release|Any CPU
		{1CFAB3D0-A8B8-49F5-B42E-265596EAF755}.Release|x64.Build.0 = Release|Any CPU
		{1CFAB3D0-A8B8-49F5-B42E-265596EAF755}.Release|x86.ActiveCfg = Release|Any CPU
		{1CFAB3D0-A8B8-49F5-B42E-265596EAF755}.Release|x86.Build.0 = Release|Any CPU
	EndGlobalSection
	GlobalSection(SolutionProperties) = preSolution
		HideSolutionNode = FALSE
	EndGlobalSection
	GlobalSection(ExtensibilityGlobals) = postSolution
		SolutionGuid = {0A9475C0-00E0-4334-BD19-189F2D8A0460}
	EndGlobalSection
EndGlobal
